
Microsoft Visual Studio Solution File, Format Version 12.00
# Visual Studio 15
VisualStudioVersion = 15.0.28307.757
MinimumVisualStudioVersion = 10.0.40219.1
Project("{F184B08F-C81C-45F6-A57F-5ABD9991F28F}") = "VMS_user", "VMS\VMS_user.vbproj", "{8FB9EADC-8CDB-4CC8-B047-FA3E58587233}"
EndProject
Project("{54435603-DBB4-11D2-8724-00A0C9A8B90C}") = "setup", "setup\setup.vdproj", "{BF69949E-7050-439B-A8D0-A49722443A64}"
EndProject
Global
	GlobalSection(SolutionConfigurationPlatforms) = preSolution
		Debug|Any CPU = Debug|Any CPU
		Release|Any CPU = Release|Any CPU
	EndGlobalSection
	GlobalSection(ProjectConfigurationPlatforms) = postSolution
		{8FB9EADC-8CDB-4CC8-B047-FA3E58587233}.Debug|Any CPU.ActiveCfg = Debug|Any CPU
		{8FB9EADC-8CDB-4CC8-B047-FA3E58587233}.Debug|Any CPU.Build.0 = Debug|Any CPU
		{8FB9EADC-8CDB-4CC8-B047-FA3E58587233}.Release|Any CPU.ActiveCfg = Release|Any CPU
		{8FB9EADC-8CDB-4CC8-B047-FA3E58587233}.Release|Any CPU.Build.0 = Release|Any CPU
		{BF69949E-7050-439B-A8D0-A49722443A64}.Debug|Any CPU.ActiveCfg = Debug
		{BF69949E-7050-439B-A8D0-A49722443A64}.Release|Any CPU.ActiveCfg = Release
	EndGlobalSection
	GlobalSection(SolutionProperties) = preSolution
		HideSolutionNode = FALSE
	EndGlobalSection
	GlobalSection(ExtensibilityGlobals) = postSolution
		SolutionGuid = {0740427F-60B0-43AD-BD7B-20E1EBCDAF04}
	EndGlobalSection
EndGlobal
